
Microsoft Visual Studio Solution File, Format Version 12.00
# Visual Studio Version 17
VisualStudioVersion = 17.10.34916.146
MinimumVisualStudioVersion = 10.0.40219.1
Project("{FAE04EC0-301F-11D3-BF4B-00C04F79EFBC}") = "MilkyWay", "MilkyWay.csproj", "{C569A543-A864-4D8A-ABCD-0BB2D728D85D}"
EndProject
Global
	GlobalSection(SolutionConfigurationPlatforms) = preSolution
		Debug|Any CPU = Debug|Any CPU
		Release|Any CPU = Release|Any CPU
	EndGlobalSection
	GlobalSection(ProjectConfigurationPlatforms) = postSolution
		{C569A543-A864-4D8A-ABCD-0BB2D728D85D}.Debug|Any CPU.ActiveCfg = Debug|Any CPU
		{C569A543-A864-4D8A-ABCD-0BB2D728D85D}.Debug|Any CPU.Build.0 = Debug|Any CPU
		{C569A543-A864-4D8A-ABCD-0BB2D728D85D}.Release|Any CPU.ActiveCfg = Release|Any CPU
		{C569A543-A864-4D8A-ABCD-0BB2D728D85D}.Release|Any CPU.Build.0 = Release|Any CPU
	EndGlobalSection
	GlobalSection(SolutionProperties) = preSolution
		HideSolutionNode = FALSE
	EndGlobalSection
	GlobalSection(ExtensibilityGlobals) = postSolution
		SolutionGuid = {48A7DA8C-4F6B-4E1D-A3A8-EF52F2AEF91D}
	EndGlobalSection
EndGlobal
